
Microsoft Visual Studio Solution File, Format Version 12.00
# Visual Studio Version 17
VisualStudioVersion = 17.1.32328.378
MinimumVisualStudioVersion = 10.0.40219.1
Project("{FAE04EC0-301F-11D3-BF4B-00C04F79EFBC}") = "ProjectMarsCompetitionTask", "ProjectMarsCompetitionTask.csproj", "{F4324986-DD6E-4294-953D-3BCE9F0A5580}"
EndProject
Global
	GlobalSection(SolutionConfigurationPlatforms) = preSolution
		Debug|Any CPU = Debug|Any CPU
		Release|Any CPU = Release|Any CPU
	EndGlobalSection
	GlobalSection(ProjectConfigurationPlatforms) = postSolution
		{F4324986-DD6E-4294-953D-3BCE9F0A5580}.Debug|Any CPU.ActiveCfg = Debug|Any CPU
		{F4324986-DD6E-4294-953D-3BCE9F0A5580}.Debug|Any CPU.Build.0 = Debug|Any CPU
		{F4324986-DD6E-4294-953D-3BCE9F0A5580}.Release|Any CPU.ActiveCfg = Release|Any CPU
		{F4324986-DD6E-4294-953D-3BCE9F0A5580}.Release|Any CPU.Build.0 = Release|Any CPU
	EndGlobalSection
	GlobalSection(SolutionProperties) = preSolution
		HideSolutionNode = FALSE
	EndGlobalSection
	GlobalSection(ExtensibilityGlobals) = postSolution
		SolutionGuid = {C5D3E7ED-EE9A-4397-AA47-53A33F6A8E06}
	EndGlobalSection
EndGlobal
